
Microsoft Visual Studio Solution File, Format Version 12.00
# Visual Studio 2013
VisualStudioVersion = 12.0.21005.1
MinimumVisualStudioVersion = 10.0.40219.1
Project("{FAE04EC0-301F-11D3-BF4B-00C04F79EFBC}") = "Consumo.Web", "Consumo.Web\Consumo.Web.csproj", "{55C51978-DB4E-4B81-9CC4-AFBE815AA91E}"
EndProject
Project("{2150E333-8FDC-42A3-9474-1A3956D46DE8}") = "Consumo Web", "Consumo Web", "{69031D00-F5FE-44A4-9736-722144C211F4}"
EndProject
Project("{2150E333-8FDC-42A3-9474-1A3956D46DE8}") = "Tests", "Tests", "{4CC5433C-0722-478C-B103-1557EFDDE527}"
EndProject
Project("{2150E333-8FDC-42A3-9474-1A3956D46DE8}") = "Solution Items", "Solution Items", "{47EDCDB1-891B-41DB-A285-1CE940A55909}"
	ProjectSection(SolutionItems) = preProject
		Solution Items\CommonAssemblyInfo.cs = Solution Items\CommonAssemblyInfo.cs
	EndProjectSection
EndProject
Project("{FAE04EC0-301F-11D3-BF4B-00C04F79EFBC}") = "Consumo.Web.Tests", "Consumo.Web.Tests\Consumo.Web.Tests.csproj", "{D1A93958-E654-41BF-9D3F-C3CA0A029C3A}"
EndProject
Global
	GlobalSection(TeamFoundationVersionControl) = preSolution
		SccNumberOfProjects = 3
		SccEnterpriseProvider = {4CA58AB2-18FA-4F8D-95D4-32DDF27D184C}
		SccTeamFoundationServer = http://pag-loki:8080/tfs/icarus
		SccLocalPath0 = .
		SccProjectUniqueName1 = Consumo.Web.Tests\\Consumo.Web.Tests.csproj
		SccProjectTopLevelParentUniqueName1 = Consumo.Web.sln
		SccProjectName1 = Consumo.Web.Tests
		SccLocalPath1 = Consumo.Web.Tests
		SccProjectUniqueName2 = Consumo.Web\\Consumo.Web.csproj
		SccProjectTopLevelParentUniqueName2 = Consumo.Web.sln
		SccProjectName2 = Consumo.Web
		SccLocalPath2 = Consumo.Web
	EndGlobalSection
	GlobalSection(SolutionConfigurationPlatforms) = preSolution
		Debug|Any CPU = Debug|Any CPU
		Release|Any CPU = Release|Any CPU
	EndGlobalSection
	GlobalSection(ProjectConfigurationPlatforms) = postSolution
		{55C51978-DB4E-4B81-9CC4-AFBE815AA91E}.Debug|Any CPU.ActiveCfg = Debug|Any CPU
		{55C51978-DB4E-4B81-9CC4-AFBE815AA91E}.Debug|Any CPU.Build.0 = Debug|Any CPU
		{55C51978-DB4E-4B81-9CC4-AFBE815AA91E}.Release|Any CPU.ActiveCfg = Release|Any CPU
		{55C51978-DB4E-4B81-9CC4-AFBE815AA91E}.Release|Any CPU.Build.0 = Release|Any CPU
		{D1A93958-E654-41BF-9D3F-C3CA0A029C3A}.Debug|Any CPU.ActiveCfg = Debug|Any CPU
		{D1A93958-E654-41BF-9D3F-C3CA0A029C3A}.Debug|Any CPU.Build.0 = Debug|Any CPU
		{D1A93958-E654-41BF-9D3F-C3CA0A029C3A}.Release|Any CPU.ActiveCfg = Release|Any CPU
		{D1A93958-E654-41BF-9D3F-C3CA0A029C3A}.Release|Any CPU.Build.0 = Release|Any CPU
	EndGlobalSection
	GlobalSection(SolutionProperties) = preSolution
		HideSolutionNode = FALSE
	EndGlobalSection
	GlobalSection(NestedProjects) = preSolution
		{4CC5433C-0722-478C-B103-1557EFDDE527} = {69031D00-F5FE-44A4-9736-722144C211F4}
		{55C51978-DB4E-4B81-9CC4-AFBE815AA91E} = {69031D00-F5FE-44A4-9736-722144C211F4}
		{D1A93958-E654-41BF-9D3F-C3CA0A029C3A} = {4CC5433C-0722-478C-B103-1557EFDDE527}
	EndGlobalSection
EndGlobal
